{
  "name": "graphql-connect",
  "version": "1.0.2",
  "lockfileVersion": 1,
  "requires": true,
  "dependencies": {
    "@types/node": {
      "version": "9.4.6",
      "resolved": "https://registry.npmjs.org/@types/node/-/node-9.4.6.tgz",
      "integrity": "sha512-CTUtLb6WqCCgp6P59QintjHWqzf4VL1uPA27bipLAPxFqrtK1gEYllePzTICGqQ8rYsCbpnsNypXjjDzGAAjEQ=="
    },
    "apollo-link": {
      "version": "1.2.1",
      "resolved": "https://registry.npmjs.org/apollo-link/-/apollo-link-1.2.1.tgz",
      "integrity": "sha512-6Ghf+j3cQLCIvjXd2dJrLw+16HZbWbwmB1qlTc41BviB2hv+rK1nJr17Y9dWK0UD4p3i9Hfddx3tthpMKrueHg==",
      "requires": {
        "@types/node": "9.4.6",
        "apollo-utilities": "1.0.8",
        "zen-observable-ts": "0.8.8"
      }
    },
    "apollo-link-http": {
      "version": "1.5.1",
      "resolved": "https://registry.npmjs.org/apollo-link-http/-/apollo-link-http-1.5.1.tgz",
      "integrity": "sha512-6qNZexjSxHPLh4/DHgpp2vriApaiy0rpCs9JarJFZ8WhqsYpAiJFkd+5akQX36/CIJkrDv7YD2e6YW10A0uvWg==",
      "requires": {
        "apollo-link": "1.2.1",
        "apollo-link-http-common": "0.2.2"
      }
    },
    "apollo-link-http-common": {
      "version": "0.2.2",
      "resolved": "https://registry.npmjs.org/apollo-link-http-common/-/apollo-link-http-common-0.2.2.tgz",
      "integrity": "sha512-97r/cNC3YAj5/vr0vYHScyoSWWpJnHeb/gdN0PaLc+81CGomByR17GhjOYAUg4W1urEE6f0GWbRvpwma6OYqlA==",
      "requires": {
        "apollo-link": "1.2.1"
      }
    },
    "apollo-utilities": {
      "version": "1.0.8",
      "resolved": "https://registry.npmjs.org/apollo-utilities/-/apollo-utilities-1.0.8.tgz",
      "integrity": "sha512-EvqRJCw5xy2gWeH37toUimbEkmUxronCosBNE4tOCJvZUMLLGB8CuTQ5RsBhKJm+rZ6kwGxV+2uszk14f/P/rA=="
    },
    "deprecated-decorator": {
      "version": "0.1.6",
      "resolved": "https://registry.npmjs.org/deprecated-decorator/-/deprecated-decorator-0.1.6.tgz",
      "integrity": "sha1-AJZjF7ehL+kvPMgx91g68ym4bDc="
    },
    "graphql-tools": {
      "version": "2.21.0",
      "resolved": "https://registry.npmjs.org/graphql-tools/-/graphql-tools-2.21.0.tgz",
      "integrity": "sha512-AmG4WGdpL1OHwnA20ouP7BVB3KnvUOvsc7+4ULWRzEunyRFUYqxrgnEf20iZnYAha8JCb7AP4WPMwWKmGT91rg==",
      "requires": {
        "apollo-link": "1.2.1",
        "apollo-utilities": "1.0.8",
        "deprecated-decorator": "0.1.6",
        "iterall": "1.2.1",
        "uuid": "3.2.1"
      }
    },
    "iterall": {
      "version": "1.2.1",
      "resolved": "https://registry.npmjs.org/iterall/-/iterall-1.2.1.tgz",
      "integrity": "sha512-XH2awY4PboL5tG5i2P7wZ2E6oet/JkmEUpUhjcroXxBUy7bPsUOXRDMAAZe+rnH2azSXboqvyDIp5n2f7GtlCQ=="
    },
    "node-fetch": {
      "version": "2.0.0",
      "resolved": "https://registry.npmjs.org/node-fetch/-/node-fetch-2.0.0.tgz",
      "integrity": "sha1-mCu6Q+zU8pIqKcwYamu7C7c/y6Y="
    },
    "uuid": {
      "version": "3.2.1",
      "resolved": "https://registry.npmjs.org/uuid/-/uuid-3.2.1.tgz",
      "integrity": "sha512-jZnMwlb9Iku/O3smGWvZhauCf6cvvpKi4BKRiliS3cxnI+Gz9j5MEpTz2UFuXiKPJocb7gnsLHwiS05ige5BEA=="
    },
    "zen-observable": {
      "version": "0.7.1",
      "resolved": "https://registry.npmjs.org/zen-observable/-/zen-observable-0.7.1.tgz",
      "integrity": "sha512-OI6VMSe0yeqaouIXtedC+F55Sr6r9ppS7+wTbSexkYdHbdt4ctTuPNXP/rwm7GTVI63YBc+EBT0b0tl7YnJLRg=="
    },
    "zen-observable-ts": {
      "version": "0.8.8",
      "resolved": "https://registry.npmjs.org/zen-observable-ts/-/zen-observable-ts-0.8.8.tgz",
      "integrity": "sha512-oGjFvBbAA94uh/HvAwJDwMHtNq4lZRtupJx8XsyreOTYvH8x1ef9hIeH/M+IqiAXtNpglq/Klh5rbpYWEeRSOQ==",
      "requires": {
        "zen-observable": "0.7.1"
      }
    }
  }
}
