{
  "name": "graphql-connect",
  "version": "1.0.0",
  "lockfileVersion": 1,
  "requires": true,
  "dependencies": {
    "@types/chai": {
      "version": "4.1.2",
      "resolved": "https://registry.npmjs.org/@types/chai/-/chai-4.1.2.tgz",
      "integrity": "sha512-D8uQwKYUw2KESkorZ27ykzXgvkDJYXVEihGklgfp5I4HUP8D6IxtcdLTMB1emjQiWzV7WZ5ihm1cxIzVwjoleQ=="
    },
    "@types/isomorphic-fetch": {
      "version": "0.0.34",
      "resolved": "https://registry.npmjs.org/@types/isomorphic-fetch/-/isomorphic-fetch-0.0.34.tgz",
      "integrity": "sha1-PDSD5gbAQTeEOOlRRk8A5OYHBtY="
    },
    "@types/node": {
      "version": "9.4.6",
      "resolved": "https://registry.npmjs.org/@types/node/-/node-9.4.6.tgz",
      "integrity": "sha512-CTUtLb6WqCCgp6P59QintjHWqzf4VL1uPA27bipLAPxFqrtK1gEYllePzTICGqQ8rYsCbpnsNypXjjDzGAAjEQ=="
    },
    "apollo-link": {
      "version": "1.2.1",
      "resolved": "https://registry.npmjs.org/apollo-link/-/apollo-link-1.2.1.tgz",
      "integrity": "sha512-6Ghf+j3cQLCIvjXd2dJrLw+16HZbWbwmB1qlTc41BviB2hv+rK1nJr17Y9dWK0UD4p3i9Hfddx3tthpMKrueHg==",
      "requires": {
        "@types/node": "9.4.6",
        "apollo-utilities": "1.0.8",
        "zen-observable-ts": "0.8.8"
      }
    },
    "apollo-link-http": {
      "version": "1.5.1",
      "resolved": "https://registry.npmjs.org/apollo-link-http/-/apollo-link-http-1.5.1.tgz",
      "integrity": "sha512-6qNZexjSxHPLh4/DHgpp2vriApaiy0rpCs9JarJFZ8WhqsYpAiJFkd+5akQX36/CIJkrDv7YD2e6YW10A0uvWg==",
      "requires": {
        "apollo-link": "1.2.1",
        "apollo-link-http-common": "0.2.2"
      }
    },
    "apollo-link-http-common": {
      "version": "0.2.2",
      "resolved": "https://registry.npmjs.org/apollo-link-http-common/-/apollo-link-http-common-0.2.2.tgz",
      "integrity": "sha512-97r/cNC3YAj5/vr0vYHScyoSWWpJnHeb/gdN0PaLc+81CGomByR17GhjOYAUg4W1urEE6f0GWbRvpwma6OYqlA==",
      "requires": {
        "apollo-link": "1.2.1"
      }
    },
    "apollo-utilities": {
      "version": "1.0.8",
      "resolved": "https://registry.npmjs.org/apollo-utilities/-/apollo-utilities-1.0.8.tgz",
      "integrity": "sha512-EvqRJCw5xy2gWeH37toUimbEkmUxronCosBNE4tOCJvZUMLLGB8CuTQ5RsBhKJm+rZ6kwGxV+2uszk14f/P/rA=="
    },
    "balanced-match": {
      "version": "1.0.0",
      "resolved": "https://registry.npmjs.org/balanced-match/-/balanced-match-1.0.0.tgz",
      "integrity": "sha1-ibTRmasr7kneFk6gK4nORi1xt2c="
    },
    "brace-expansion": {
      "version": "1.1.11",
      "resolved": "https://registry.npmjs.org/brace-expansion/-/brace-expansion-1.1.11.tgz",
      "integrity": "sha512-iCuPHDFgrHX7H2vEI/5xpz07zSHB00TpugqhmYtVmMO6518mCuRMoOYFldEBl0g187ufozdaHgWKcYFb61qGiA==",
      "requires": {
        "balanced-match": "1.0.0",
        "concat-map": "0.0.1"
      }
    },
    "concat-map": {
      "version": "0.0.1",
      "resolved": "https://registry.npmjs.org/concat-map/-/concat-map-0.0.1.tgz",
      "integrity": "sha1-2Klr13/Wjfd5OnMDajug1UBdR3s="
    },
    "deprecated-decorator": {
      "version": "0.1.6",
      "resolved": "https://registry.npmjs.org/deprecated-decorator/-/deprecated-decorator-0.1.6.tgz",
      "integrity": "sha1-AJZjF7ehL+kvPMgx91g68ym4bDc="
    },
    "graphql": {
      "version": "0.13.1",
      "resolved": "https://registry.npmjs.org/graphql/-/graphql-0.13.1.tgz",
      "integrity": "sha512-awNp3LTrQ7dJDSX3p3PBuxNDC+WFSOrWeV6+l4Xeh2PQJVOFyQ9SZPonXRz2WZc7aIxLZsf2nDZuuuc0qyEq/A==",
      "requires": {
        "iterall": "1.2.1"
      }
    },
    "graphql-tools": {
      "version": "2.21.0",
      "resolved": "https://registry.npmjs.org/graphql-tools/-/graphql-tools-2.21.0.tgz",
      "integrity": "sha512-AmG4WGdpL1OHwnA20ouP7BVB3KnvUOvsc7+4ULWRzEunyRFUYqxrgnEf20iZnYAha8JCb7AP4WPMwWKmGT91rg==",
      "requires": {
        "apollo-link": "1.2.1",
        "apollo-utilities": "1.0.8",
        "deprecated-decorator": "0.1.6",
        "iterall": "1.2.1",
        "uuid": "3.2.1"
      }
    },
    "graphql-transform-schema": {
      "version": "0.2.2",
      "resolved": "https://registry.npmjs.org/graphql-transform-schema/-/graphql-transform-schema-0.2.2.tgz",
      "integrity": "sha1-n0tsOKu8Q0sy4fuhuCFxb9mIMhI=",
      "requires": {
        "@types/chai": "4.1.2",
        "@types/isomorphic-fetch": "0.0.34",
        "apollo-link": "1.2.1",
        "graphql": "0.11.7",
        "lodash": "4.17.5",
        "minimatch": "3.0.4",
        "typed-graphql": "1.0.2",
        "zen-observable": "0.6.1"
      },
      "dependencies": {
        "graphql": {
          "version": "0.11.7",
          "resolved": "https://registry.npmjs.org/graphql/-/graphql-0.11.7.tgz",
          "integrity": "sha512-x7uDjyz8Jx+QPbpCFCMQ8lltnQa4p4vSYHx6ADe8rVYRTdsyhCJbvSty5DAsLVmU6cGakl+r8HQYolKHxk/tiw==",
          "requires": {
            "iterall": "1.1.3"
          }
        },
        "iterall": {
          "version": "1.1.3",
          "resolved": "https://registry.npmjs.org/iterall/-/iterall-1.1.3.tgz",
          "integrity": "sha512-Cu/kb+4HiNSejAPhSaN1VukdNTTi/r4/e+yykqjlG/IW+1gZH5b4+Bq3whDX4tvbYugta3r8KTMUiqT3fIGxuQ=="
        },
        "zen-observable": {
          "version": "0.6.1",
          "resolved": "https://registry.npmjs.org/zen-observable/-/zen-observable-0.6.1.tgz",
          "integrity": "sha512-DKjFTL7siVLIUMZOFZ0alqMEdTsXPUxoCZzrvB2tdWEVN/6606Qh1nCfSTCAOZMrtcPzzFI3BXmwBKLAew52NA=="
        }
      }
    },
    "iterall": {
      "version": "1.2.1",
      "resolved": "https://registry.npmjs.org/iterall/-/iterall-1.2.1.tgz",
      "integrity": "sha512-XH2awY4PboL5tG5i2P7wZ2E6oet/JkmEUpUhjcroXxBUy7bPsUOXRDMAAZe+rnH2azSXboqvyDIp5n2f7GtlCQ=="
    },
    "lodash": {
      "version": "4.17.5",
      "resolved": "https://registry.npmjs.org/lodash/-/lodash-4.17.5.tgz",
      "integrity": "sha512-svL3uiZf1RwhH+cWrfZn3A4+U58wbP0tGVTLQPbjplZxZ8ROD9VLuNgsRniTlLe7OlSqR79RUehXgpBW/s0IQw=="
    },
    "minimatch": {
      "version": "3.0.4",
      "resolved": "https://registry.npmjs.org/minimatch/-/minimatch-3.0.4.tgz",
      "integrity": "sha512-yJHVQEhyqPLUTgt9B83PXu6W3rx4MvvHvSUvToogpwoGDOUQ+yDrR0HRot+yOCdCO7u4hX3pWft6kWBBcqh0UA==",
      "requires": {
        "brace-expansion": "1.1.11"
      }
    },
    "node-fetch": {
      "version": "2.0.0",
      "resolved": "https://registry.npmjs.org/node-fetch/-/node-fetch-2.0.0.tgz",
      "integrity": "sha1-mCu6Q+zU8pIqKcwYamu7C7c/y6Y="
    },
    "typed-graphql": {
      "version": "1.0.2",
      "resolved": "https://registry.npmjs.org/typed-graphql/-/typed-graphql-1.0.2.tgz",
      "integrity": "sha1-TA94h3XVUt9NTsPXPyVGklL0D7g="
    },
    "uuid": {
      "version": "3.2.1",
      "resolved": "https://registry.npmjs.org/uuid/-/uuid-3.2.1.tgz",
      "integrity": "sha512-jZnMwlb9Iku/O3smGWvZhauCf6cvvpKi4BKRiliS3cxnI+Gz9j5MEpTz2UFuXiKPJocb7gnsLHwiS05ige5BEA=="
    },
    "zen-observable": {
      "version": "0.7.1",
      "resolved": "https://registry.npmjs.org/zen-observable/-/zen-observable-0.7.1.tgz",
      "integrity": "sha512-OI6VMSe0yeqaouIXtedC+F55Sr6r9ppS7+wTbSexkYdHbdt4ctTuPNXP/rwm7GTVI63YBc+EBT0b0tl7YnJLRg=="
    },
    "zen-observable-ts": {
      "version": "0.8.8",
      "resolved": "https://registry.npmjs.org/zen-observable-ts/-/zen-observable-ts-0.8.8.tgz",
      "integrity": "sha512-oGjFvBbAA94uh/HvAwJDwMHtNq4lZRtupJx8XsyreOTYvH8x1ef9hIeH/M+IqiAXtNpglq/Klh5rbpYWEeRSOQ==",
      "requires": {
        "zen-observable": "0.7.1"
      }
    }
  }
}
